
Microsoft Visual Studio Solution File, Format Version 12.00
# Visual Studio Version 16
VisualStudioVersion = 16.0.31613.86
MinimumVisualStudioVersion = 10.0.40219.1
Project("{9A19103F-16F7-4668-BE54-9A1E7A4F7556}") = "RedisIntro", "RedisIntro\RedisIntro.csproj", "{61971934-0E48-4485-B860-B11D4A54CDC5}"
EndProject
Project("{FAE04EC0-301F-11D3-BF4B-00C04F79EFBC}") = "ReflectionPract", "ReflectionPract\ReflectionPract.csproj", "{B9981CB4-C328-4822-85D7-3452AAF83849}"
EndProject
Global
	GlobalSection(SolutionConfigurationPlatforms) = preSolution
		Debug|Any CPU = Debug|Any CPU
		Release|Any CPU = Release|Any CPU
	EndGlobalSection
	GlobalSection(ProjectConfigurationPlatforms) = postSolution
		{61971934-0E48-4485-B860-B11D4A54CDC5}.Debug|Any CPU.ActiveCfg = Debug|Any CPU
		{61971934-0E48-4485-B860-B11D4A54CDC5}.Debug|Any CPU.Build.0 = Debug|Any CPU
		{61971934-0E48-4485-B860-B11D4A54CDC5}.Release|Any CPU.ActiveCfg = Release|Any CPU
		{61971934-0E48-4485-B860-B11D4A54CDC5}.Release|Any CPU.Build.0 = Release|Any CPU
		{B9981CB4-C328-4822-85D7-3452AAF83849}.Debug|Any CPU.ActiveCfg = Debug|Any CPU
		{B9981CB4-C328-4822-85D7-3452AAF83849}.Debug|Any CPU.Build.0 = Debug|Any CPU
		{B9981CB4-C328-4822-85D7-3452AAF83849}.Release|Any CPU.ActiveCfg = Release|Any CPU
		{B9981CB4-C328-4822-85D7-3452AAF83849}.Release|Any CPU.Build.0 = Release|Any CPU
	EndGlobalSection
	GlobalSection(SolutionProperties) = preSolution
		HideSolutionNode = FALSE
	EndGlobalSection
	GlobalSection(ExtensibilityGlobals) = postSolution
		SolutionGuid = {EB8A7891-C249-4CBD-976E-96D2B75281F3}
	EndGlobalSection
EndGlobal
